
Microsoft Visual Studio Solution File, Format Version 12.00
# Visual Studio Version 17
VisualStudioVersion = 17.10.34928.147
MinimumVisualStudioVersion = 10.0.40219.1
Project("{FAE04EC0-301F-11D3-BF4B-00C04F79EFBC}") = "longest consecutive elements", "longest consecutive elements\longest consecutive elements.csproj", "{EAC87C41-7EE7-484D-AEDF-BEBFBD198C3A}"
EndProject
Global
	GlobalSection(SolutionConfigurationPlatforms) = preSolution
		Debug|Any CPU = Debug|Any CPU
		Release|Any CPU = Release|Any CPU
	EndGlobalSection
	GlobalSection(ProjectConfigurationPlatforms) = postSolution
		{EAC87C41-7EE7-484D-AEDF-BEBFBD198C3A}.Debug|Any CPU.ActiveCfg = Debug|Any CPU
		{EAC87C41-7EE7-484D-AEDF-BEBFBD198C3A}.Debug|Any CPU.Build.0 = Debug|Any CPU
		{EAC87C41-7EE7-484D-AEDF-BEBFBD198C3A}.Release|Any CPU.ActiveCfg = Release|Any CPU
		{EAC87C41-7EE7-484D-AEDF-BEBFBD198C3A}.Release|Any CPU.Build.0 = Release|Any CPU
	EndGlobalSection
	GlobalSection(SolutionProperties) = preSolution
		HideSolutionNode = FALSE
	EndGlobalSection
	GlobalSection(ExtensibilityGlobals) = postSolution
		SolutionGuid = {7FF180F6-1001-4D86-A1F9-BA92A4502CD1}
	EndGlobalSection
EndGlobal
